// !$*UTF8*$!
{
	archiveVersion = 1;
	classes = {
	};
	objectVersion = 46;
	objects = {

/* Begin PBXBuildFile section */
		0704C3CC1ADD297D00F80DB7 /* _DRGAnnotation.m in Sources */ = {isa = PBXBuildFile; fileRef = 0704C3B91ADD297D00F80DB7 /* _DRGAnnotation.m */; };
		0704C3CD1ADD297D00F80DB7 /* _DRGAuthor.m in Sources */ = {isa = PBXBuildFile; fileRef = 0704C3BB1ADD297D00F80DB7 /* _DRGAuthor.m */; };
		0704C3CE1ADD297D00F80DB7 /* _DRGBook.m in Sources */ = {isa = PBXBuildFile; fileRef = 0704C3BD1ADD297D00F80DB7 /* _DRGBook.m */; };
		0704C3CF1ADD297D00F80DB7 /* _DRGCover.m in Sources */ = {isa = PBXBuildFile; fileRef = 0704C3BF1ADD297D00F80DB7 /* _DRGCover.m */; };
		0704C3D01ADD297D00F80DB7 /* _DRGDate.m in Sources */ = {isa = PBXBuildFile; fileRef = 0704C3C11ADD297D00F80DB7 /* _DRGDate.m */; };
		0704C3D11ADD297D00F80DB7 /* _DRGLocalization.m in Sources */ = {isa = PBXBuildFile; fileRef = 0704C3C31ADD297D00F80DB7 /* _DRGLocalization.m */; };
		0704C3D21ADD297D00F80DB7 /* _DRGPdf.m in Sources */ = {isa = PBXBuildFile; fileRef = 0704C3C51ADD297D00F80DB7 /* _DRGPdf.m */; };
		0704C3D31ADD297D00F80DB7 /* _DRGPhoto.m in Sources */ = {isa = PBXBuildFile; fileRef = 0704C3C71ADD297D00F80DB7 /* _DRGPhoto.m */; };
		0704C3D41ADD297D00F80DB7 /* _DRGTag.m in Sources */ = {isa = PBXBuildFile; fileRef = 0704C3C91ADD297D00F80DB7 /* _DRGTag.m */; };
		0704C3D51ADD297D00F80DB7 /* _DRGWriter.m in Sources */ = {isa = PBXBuildFile; fileRef = 0704C3CB1ADD297D00F80DB7 /* _DRGWriter.m */; };
		0704C3EA1ADD2AD100F80DB7 /* DRGAnnotation.m in Sources */ = {isa = PBXBuildFile; fileRef = 0704C3D71ADD2AD100F80DB7 /* DRGAnnotation.m */; };
		0704C3EB1ADD2AD100F80DB7 /* DRGAuthor.m in Sources */ = {isa = PBXBuildFile; fileRef = 0704C3D91ADD2AD100F80DB7 /* DRGAuthor.m */; };
		0704C3EC1ADD2AD100F80DB7 /* DRGBook.m in Sources */ = {isa = PBXBuildFile; fileRef = 0704C3DB1ADD2AD100F80DB7 /* DRGBook.m */; };
		0704C3ED1ADD2AD100F80DB7 /* DRGCover.m in Sources */ = {isa = PBXBuildFile; fileRef = 0704C3DD1ADD2AD100F80DB7 /* DRGCover.m */; };
		0704C3EE1ADD2AD100F80DB7 /* DRGDate.m in Sources */ = {isa = PBXBuildFile; fileRef = 0704C3DF1ADD2AD100F80DB7 /* DRGDate.m */; };
		0704C3EF1ADD2AD100F80DB7 /* DRGLocalization.m in Sources */ = {isa = PBXBuildFile; fileRef = 0704C3E11ADD2AD100F80DB7 /* DRGLocalization.m */; };
		0704C3F01ADD2AD100F80DB7 /* DRGPdf.m in Sources */ = {isa = PBXBuildFile; fileRef = 0704C3E31ADD2AD100F80DB7 /* DRGPdf.m */; };
		0704C3F11ADD2AD100F80DB7 /* DRGPhoto.m in Sources */ = {isa = PBXBuildFile; fileRef = 0704C3E51ADD2AD100F80DB7 /* DRGPhoto.m */; };
		0704C3F21ADD2AD100F80DB7 /* DRGTag.m in Sources */ = {isa = PBXBuildFile; fileRef = 0704C3E71ADD2AD100F80DB7 /* DRGTag.m */; };
		0704C3F31ADD2AD100F80DB7 /* DRGWriter.m in Sources */ = {isa = PBXBuildFile; fileRef = 0704C3E91ADD2AD100F80DB7 /* DRGWriter.m */; };
		0704C3F81ADD2B7C00F80DB7 /* DRGLibraryBaseClass.m in Sources */ = {isa = PBXBuildFile; fileRef = 0704C3F71ADD2B7C00F80DB7 /* DRGLibraryBaseClass.m */; };
		0704C3FB1ADD4BF700F80DB7 /* _DRGLabel.m in Sources */ = {isa = PBXBuildFile; fileRef = 0704C3FA1ADD4BF700F80DB7 /* _DRGLabel.m */; };
		0704C3FE1ADD4C0300F80DB7 /* DRGLabel.m in Sources */ = {isa = PBXBuildFile; fileRef = 0704C3FD1ADD4C0300F80DB7 /* DRGLabel.m */; };
		0704C4021ADD51C400F80DB7 /* DRGDownloadManager.m in Sources */ = {isa = PBXBuildFile; fileRef = 0704C4011ADD51C400F80DB7 /* DRGDownloadManager.m */; };
		0704C4091ADD725500F80DB7 /* DRGBookListVC.m in Sources */ = {isa = PBXBuildFile; fileRef = 0704C4081ADD725500F80DB7 /* DRGBookListVC.m */; };
		0704C40C1ADD729200F80DB7 /* AGTCoreDataStack.m in Sources */ = {isa = PBXBuildFile; fileRef = 0704C40B1ADD729200F80DB7 /* AGTCoreDataStack.m */; };
		0704C4101ADD72B600F80DB7 /* AGTCoreDataTableViewController.m in Sources */ = {isa = PBXBuildFile; fileRef = 0704C40F1ADD72B600F80DB7 /* AGTCoreDataTableViewController.m */; };
		0704C4141ADD782900F80DB7 /* UIViewController+Navigation.m in Sources */ = {isa = PBXBuildFile; fileRef = 0704C4131ADD782900F80DB7 /* UIViewController+Navigation.m */; };
		0738A8AB1ADC0B4700CB87FC /* main.m in Sources */ = {isa = PBXBuildFile; fileRef = 0738A8AA1ADC0B4700CB87FC /* main.m */; };
		0738A8AE1ADC0B4700CB87FC /* AppDelegate.m in Sources */ = {isa = PBXBuildFile; fileRef = 0738A8AD1ADC0B4700CB87FC /* AppDelegate.m */; };
		0738A8B01ADC0B4700CB87FC /* Images.xcassets in Resources */ = {isa = PBXBuildFile; fileRef = 0738A8AF1ADC0B4700CB87FC /* Images.xcassets */; };
		0738A8B31ADC0B4700CB87FC /* LaunchScreen.xib in Resources */ = {isa = PBXBuildFile; fileRef = 0738A8B11ADC0B4700CB87FC /* LaunchScreen.xib */; };
		0738A8BF1ADC0B4800CB87FC /* HackerBooks2Tests.m in Sources */ = {isa = PBXBuildFile; fileRef = 0738A8BE1ADC0B4800CB87FC /* HackerBooks2Tests.m */; };
		0738A8CE1ADC0E6B00CB87FC /* Library.xcdatamodeld in Sources */ = {isa = PBXBuildFile; fileRef = 0738A8CC1ADC0E6B00CB87FC /* Library.xcdatamodeld */; };
/* End PBXBuildFile section */

/* Begin PBXContainerItemProxy section */
		0738A8B91ADC0B4800CB87FC /* PBXContainerItemProxy */ = {
			isa = PBXContainerItemProxy;
			containerPortal = 0738A89D1ADC0B4700CB87FC /* Project object */;
			proxyType = 1;
			remoteGlobalIDString = 0738A8A41ADC0B4700CB87FC;
			remoteInfo = HackerBooks2;
		};
/* End PBXContainerItemProxy section */

/* Begin PBXFileReference section */
		0704C3B81ADD297D00F80DB7 /* _DRGAnnotation.h */ = {isa = PBXFileReference; fileEncoding = 4; lastKnownFileType = sourcecode.c.h; name = _DRGAnnotation.h; path = Models/_DRGAnnotation.h; sourceTree = "<group>"; };
		0704C3B91ADD297D00F80DB7 /* _DRGAnnotation.m */ = {isa = PBXFileReference; fileEncoding = 4; lastKnownFileType = sourcecode.c.objc; name = _DRGAnnotation.m; path = Models/_DRGAnnotation.m; sourceTree = "<group>"; };
		0704C3BA1ADD297D00F80DB7 /* _DRGAuthor.h */ = {isa = PBXFileReference; fileEncoding = 4; lastKnownFileType = sourcecode.c.h; name = _DRGAuthor.h; path = Models/_DRGAuthor.h; sourceTree = "<group>"; };
		0704C3BB1ADD297D00F80DB7 /* _DRGAuthor.m */ = {isa = PBXFileReference; fileEncoding = 4; lastKnownFileType = sourcecode.c.objc; name = _DRGAuthor.m; path = Models/_DRGAuthor.m; sourceTree = "<group>"; };
		0704C3BC1ADD297D00F80DB7 /* _DRGBook.h */ = {isa = PBXFileReference; fileEncoding = 4; lastKnownFileType = sourcecode.c.h; name = _DRGBook.h; path = Models/_DRGBook.h; sourceTree = "<group>"; };
		0704C3BD1ADD297D00F80DB7 /* _DRGBook.m */ = {isa = PBXFileReference; fileEncoding = 4; lastKnownFileType = sourcecode.c.objc; name = _DRGBook.m; path = Models/_DRGBook.m; sourceTree = "<group>"; };
		0704C3BE1ADD297D00F80DB7 /* _DRGCover.h */ = {isa = PBXFileReference; fileEncoding = 4; lastKnownFileType = sourcecode.c.h; name = _DRGCover.h; path = Models/_DRGCover.h; sourceTree = "<group>"; };
		0704C3BF1ADD297D00F80DB7 /* _DRGCover.m */ = {isa = PBXFileReference; fileEncoding = 4; lastKnownFileType = sourcecode.c.objc; name = _DRGCover.m; path = Models/_DRGCover.m; sourceTree = "<group>"; };
		0704C3C01ADD297D00F80DB7 /* _DRGDate.h */ = {isa = PBXFileReference; fileEncoding = 4; lastKnownFileType = sourcecode.c.h; name = _DRGDate.h; path = Models/_DRGDate.h; sourceTree = "<group>"; };
		0704C3C11ADD297D00F80DB7 /* _DRGDate.m */ = {isa = PBXFileReference; fileEncoding = 4; lastKnownFileType = sourcecode.c.objc; name = _DRGDate.m; path = Models/_DRGDate.m; sourceTree = "<group>"; };
		0704C3C21ADD297D00F80DB7 /* _DRGLocalization.h */ = {isa = PBXFileReference; fileEncoding = 4; lastKnownFileType = sourcecode.c.h; name = _DRGLocalization.h; path = Models/_DRGLocalization.h; sourceTree = "<group>"; };
		0704C3C31ADD297D00F80DB7 /* _DRGLocalization.m */ = {isa = PBXFileReference; fileEncoding = 4; lastKnownFileType = sourcecode.c.objc; name = _DRGLocalization.m; path = Models/_DRGLocalization.m; sourceTree = "<group>"; };
		0704C3C41ADD297D00F80DB7 /* _DRGPdf.h */ = {isa = PBXFileReference; fileEncoding = 4; lastKnownFileType = sourcecode.c.h; name = _DRGPdf.h; path = Models/_DRGPdf.h; sourceTree = "<group>"; };
		0704C3C51ADD297D00F80DB7 /* _DRGPdf.m */ = {isa = PBXFileReference; fileEncoding = 4; lastKnownFileType = sourcecode.c.objc; name = _DRGPdf.m; path = Models/_DRGPdf.m; sourceTree = "<group>"; };
		0704C3C61ADD297D00F80DB7 /* _DRGPhoto.h */ = {isa = PBXFileReference; fileEncoding = 4; lastKnownFileType = sourcecode.c.h; name = _DRGPhoto.h; path = Models/_DRGPhoto.h; sourceTree = "<group>"; };
		0704C3C71ADD297D00F80DB7 /* _DRGPhoto.m */ = {isa = PBXFileReference; fileEncoding = 4; lastKnownFileType = sourcecode.c.objc; name = _DRGPhoto.m; path = Models/_DRGPhoto.m; sourceTree = "<group>"; };
		0704C3C81ADD297D00F80DB7 /* _DRGTag.h */ = {isa = PBXFileReference; fileEncoding = 4; lastKnownFileType = sourcecode.c.h; name = _DRGTag.h; path = Models/_DRGTag.h; sourceTree = "<group>"; };
		0704C3C91ADD297D00F80DB7 /* _DRGTag.m */ = {isa = PBXFileReference; fileEncoding = 4; lastKnownFileType = sourcecode.c.objc; name = _DRGTag.m; path = Models/_DRGTag.m; sourceTree = "<group>"; };
		0704C3CA1ADD297D00F80DB7 /* _DRGWriter.h */ = {isa = PBXFileReference; fileEncoding = 4; lastKnownFileType = sourcecode.c.h; name = _DRGWriter.h; path = Models/_DRGWriter.h; sourceTree = "<group>"; };
		0704C3CB1ADD297D00F80DB7 /* _DRGWriter.m */ = {isa = PBXFileReference; fileEncoding = 4; lastKnownFileType = sourcecode.c.objc; name = _DRGWriter.m; path = Models/_DRGWriter.m; sourceTree = "<group>"; };
		0704C3D61ADD2AD100F80DB7 /* DRGAnnotation.h */ = {isa = PBXFileReference; fileEncoding = 4; lastKnownFileType = sourcecode.c.h; name = DRGAnnotation.h; path = Models/DRGAnnotation.h; sourceTree = "<group>"; };
		0704C3D71ADD2AD100F80DB7 /* DRGAnnotation.m */ = {isa = PBXFileReference; fileEncoding = 4; lastKnownFileType = sourcecode.c.objc; name = DRGAnnotation.m; path = Models/DRGAnnotation.m; sourceTree = "<group>"; };
		0704C3D81ADD2AD100F80DB7 /* DRGAuthor.h */ = {isa = PBXFileReference; fileEncoding = 4; lastKnownFileType = sourcecode.c.h; name = DRGAuthor.h; path = Models/DRGAuthor.h; sourceTree = "<group>"; };
		0704C3D91ADD2AD100F80DB7 /* DRGAuthor.m */ = {isa = PBXFileReference; fileEncoding = 4; lastKnownFileType = sourcecode.c.objc; name = DRGAuthor.m; path = Models/DRGAuthor.m; sourceTree = "<group>"; };
		0704C3DA1ADD2AD100F80DB7 /* DRGBook.h */ = {isa = PBXFileReference; fileEncoding = 4; lastKnownFileType = sourcecode.c.h; name = DRGBook.h; path = Models/DRGBook.h; sourceTree = "<group>"; };
		0704C3DB1ADD2AD100F80DB7 /* DRGBook.m */ = {isa = PBXFileReference; fileEncoding = 4; lastKnownFileType = sourcecode.c.objc; name = DRGBook.m; path = Models/DRGBook.m; sourceTree = "<group>"; };
		0704C3DC1ADD2AD100F80DB7 /* DRGCover.h */ = {isa = PBXFileReference; fileEncoding = 4; lastKnownFileType = sourcecode.c.h; name = DRGCover.h; path = Models/DRGCover.h; sourceTree = "<group>"; };
		0704C3DD1ADD2AD100F80DB7 /* DRGCover.m */ = {isa = PBXFileReference; fileEncoding = 4; lastKnownFileType = sourcecode.c.objc; name = DRGCover.m; path = Models/DRGCover.m; sourceTree = "<group>"; };
		0704C3DE1ADD2AD100F80DB7 /* DRGDate.h */ = {isa = PBXFileReference; fileEncoding = 4; lastKnownFileType = sourcecode.c.h; name = DRGDate.h; path = Models/DRGDate.h; sourceTree = "<group>"; };
		0704C3DF1ADD2AD100F80DB7 /* DRGDate.m */ = {isa = PBXFileReference; fileEncoding = 4; lastKnownFileType = sourcecode.c.objc; name = DRGDate.m; path = Models/DRGDate.m; sourceTree = "<group>"; };
		0704C3E01ADD2AD100F80DB7 /* DRGLocalization.h */ = {isa = PBXFileReference; fileEncoding = 4; lastKnownFileType = sourcecode.c.h; name = DRGLocalization.h; path = Models/DRGLocalization.h; sourceTree = "<group>"; };
		0704C3E11ADD2AD100F80DB7 /* DRGLocalization.m */ = {isa = PBXFileReference; fileEncoding = 4; lastKnownFileType = sourcecode.c.objc; name = DRGLocalization.m; path = Models/DRGLocalization.m; sourceTree = "<group>"; };
		0704C3E21ADD2AD100F80DB7 /* DRGPdf.h */ = {isa = PBXFileReference; fileEncoding = 4; lastKnownFileType = sourcecode.c.h; name = DRGPdf.h; path = Models/DRGPdf.h; sourceTree = "<group>"; };
		0704C3E31ADD2AD100F80DB7 /* DRGPdf.m */ = {isa = PBXFileReference; fileEncoding = 4; lastKnownFileType = sourcecode.c.objc; name = DRGPdf.m; path = Models/DRGPdf.m; sourceTree = "<group>"; };
		0704C3E41ADD2AD100F80DB7 /* DRGPhoto.h */ = {isa = PBXFileReference; fileEncoding = 4; lastKnownFileType = sourcecode.c.h; name = DRGPhoto.h; path = Models/DRGPhoto.h; sourceTree = "<group>"; };
		0704C3E51ADD2AD100F80DB7 /* DRGPhoto.m */ = {isa = PBXFileReference; fileEncoding = 4; lastKnownFileType = sourcecode.c.objc; name = DRGPhoto.m; path = Models/DRGPhoto.m; sourceTree = "<group>"; };
		0704C3E61ADD2AD100F80DB7 /* DRGTag.h */ = {isa = PBXFileReference; fileEncoding = 4; lastKnownFileType = sourcecode.c.h; name = DRGTag.h; path = Models/DRGTag.h; sourceTree = "<group>"; };
		0704C3E71ADD2AD100F80DB7 /* DRGTag.m */ = {isa = PBXFileReference; fileEncoding = 4; lastKnownFileType = sourcecode.c.objc; name = DRGTag.m; path = Models/DRGTag.m; sourceTree = "<group>"; };
		0704C3E81ADD2AD100F80DB7 /* DRGWriter.h */ = {isa = PBXFileReference; fileEncoding = 4; lastKnownFileType = sourcecode.c.h; name = DRGWriter.h; path = Models/DRGWriter.h; sourceTree = "<group>"; };
		0704C3E91ADD2AD100F80DB7 /* DRGWriter.m */ = {isa = PBXFileReference; fileEncoding = 4; lastKnownFileType = sourcecode.c.objc; name = DRGWriter.m; path = Models/DRGWriter.m; sourceTree = "<group>"; };
		0704C3F61ADD2B7C00F80DB7 /* DRGLibraryBaseClass.h */ = {isa = PBXFileReference; fileEncoding = 4; lastKnownFileType = sourcecode.c.h; name = DRGLibraryBaseClass.h; path = Models/DRGLibraryBaseClass.h; sourceTree = "<group>"; };
		0704C3F71ADD2B7C00F80DB7 /* DRGLibraryBaseClass.m */ = {isa = PBXFileReference; fileEncoding = 4; lastKnownFileType = sourcecode.c.objc; name = DRGLibraryBaseClass.m; path = Models/DRGLibraryBaseClass.m; sourceTree = "<group>"; };
		0704C3F91ADD4BF700F80DB7 /* _DRGLabel.h */ = {isa = PBXFileReference; fileEncoding = 4; lastKnownFileType = sourcecode.c.h; name = _DRGLabel.h; path = Models/_DRGLabel.h; sourceTree = "<group>"; };
		0704C3FA1ADD4BF700F80DB7 /* _DRGLabel.m */ = {isa = PBXFileReference; fileEncoding = 4; lastKnownFileType = sourcecode.c.objc; name = _DRGLabel.m; path = Models/_DRGLabel.m; sourceTree = "<group>"; };
		0704C3FC1ADD4C0300F80DB7 /* DRGLabel.h */ = {isa = PBXFileReference; fileEncoding = 4; lastKnownFileType = sourcecode.c.h; name = DRGLabel.h; path = Models/DRGLabel.h; sourceTree = "<group>"; };
		0704C3FD1ADD4C0300F80DB7 /* DRGLabel.m */ = {isa = PBXFileReference; fileEncoding = 4; lastKnownFileType = sourcecode.c.objc; name = DRGLabel.m; path = Models/DRGLabel.m; sourceTree = "<group>"; };
		0704C4001ADD51C400F80DB7 /* DRGDownloadManager.h */ = {isa = PBXFileReference; fileEncoding = 4; lastKnownFileType = sourcecode.c.h; name = DRGDownloadManager.h; path = Managers/DRGDownloadManager.h; sourceTree = "<group>"; };
		0704C4011ADD51C400F80DB7 /* DRGDownloadManager.m */ = {isa = PBXFileReference; fileEncoding = 4; lastKnownFileType = sourcecode.c.objc; name = DRGDownloadManager.m; path = Managers/DRGDownloadManager.m; sourceTree = "<group>"; };
		0704C4071ADD725500F80DB7 /* DRGBookListVC.h */ = {isa = PBXFileReference; fileEncoding = 4; lastKnownFileType = sourcecode.c.h; name = DRGBookListVC.h; path = Controllers/DRGBookListVC.h; sourceTree = "<group>"; };
		0704C4081ADD725500F80DB7 /* DRGBookListVC.m */ = {isa = PBXFileReference; fileEncoding = 4; lastKnownFileType = sourcecode.c.objc; name = DRGBookListVC.m; path = Controllers/DRGBookListVC.m; sourceTree = "<group>"; };
		0704C40A1ADD729200F80DB7 /* AGTCoreDataStack.h */ = {isa = PBXFileReference; fileEncoding = 4; lastKnownFileType = sourcecode.c.h; name = AGTCoreDataStack.h; path = "AGBO Utils/AGTCoreDataStack.h"; sourceTree = "<group>"; };
		0704C40B1ADD729200F80DB7 /* AGTCoreDataStack.m */ = {isa = PBXFileReference; fileEncoding = 4; lastKnownFileType = sourcecode.c.objc; name = AGTCoreDataStack.m; path = "AGBO Utils/AGTCoreDataStack.m"; sourceTree = "<group>"; };
		0704C40E1ADD72B600F80DB7 /* AGTCoreDataTableViewController.h */ = {isa = PBXFileReference; fileEncoding = 4; lastKnownFileType = sourcecode.c.h; name = AGTCoreDataTableViewController.h; path = "AGBO Utils/AGTCoreDataTableViewController.h"; sourceTree = "<group>"; };
		0704C40F1ADD72B600F80DB7 /* AGTCoreDataTableViewController.m */ = {isa = PBXFileReference; fileEncoding = 4; lastKnownFileType = sourcecode.c.objc; name = AGTCoreDataTableViewController.m; path = "AGBO Utils/AGTCoreDataTableViewController.m"; sourceTree = "<group>"; };
		0704C4121ADD782900F80DB7 /* UIViewController+Navigation.h */ = {isa = PBXFileReference; fileEncoding = 4; lastKnownFileType = sourcecode.c.h; path = "UIViewController+Navigation.h"; sourceTree = "<group>"; };
		0704C4131ADD782900F80DB7 /* UIViewController+Navigation.m */ = {isa = PBXFileReference; fileEncoding = 4; lastKnownFileType = sourcecode.c.objc; path = "UIViewController+Navigation.m"; sourceTree = "<group>"; };
		0738A8A51ADC0B4700CB87FC /* HackerBooks2.app */ = {isa = PBXFileReference; explicitFileType = wrapper.application; includeInIndex = 0; path = HackerBooks2.app; sourceTree = BUILT_PRODUCTS_DIR; };
		0738A8A91ADC0B4700CB87FC /* Info.plist */ = {isa = PBXFileReference; lastKnownFileType = text.plist.xml; path = Info.plist; sourceTree = "<group>"; };
		0738A8AA1ADC0B4700CB87FC /* main.m */ = {isa = PBXFileReference; lastKnownFileType = sourcecode.c.objc; path = main.m; sourceTree = "<group>"; };
		0738A8AC1ADC0B4700CB87FC /* AppDelegate.h */ = {isa = PBXFileReference; lastKnownFileType = sourcecode.c.h; path = AppDelegate.h; sourceTree = "<group>"; };
		0738A8AD1ADC0B4700CB87FC /* AppDelegate.m */ = {isa = PBXFileReference; lastKnownFileType = sourcecode.c.objc; path = AppDelegate.m; sourceTree = "<group>"; };
		0738A8AF1ADC0B4700CB87FC /* Images.xcassets */ = {isa = PBXFileReference; lastKnownFileType = folder.assetcatalog; path = Images.xcassets; sourceTree = "<group>"; };
		0738A8B21ADC0B4700CB87FC /* Base */ = {isa = PBXFileReference; lastKnownFileType = file.xib; name = Base; path = Base.lproj/LaunchScreen.xib; sourceTree = "<group>"; };
		0738A8B81ADC0B4800CB87FC /* HackerBooks2Tests.xctest */ = {isa = PBXFileReference; explicitFileType = wrapper.cfbundle; includeInIndex = 0; path = HackerBooks2Tests.xctest; sourceTree = BUILT_PRODUCTS_DIR; };
		0738A8BD1ADC0B4800CB87FC /* Info.plist */ = {isa = PBXFileReference; lastKnownFileType = text.plist.xml; path = Info.plist; sourceTree = "<group>"; };
		0738A8BE1ADC0B4800CB87FC /* HackerBooks2Tests.m */ = {isa = PBXFileReference; lastKnownFileType = sourcecode.c.objc; path = HackerBooks2Tests.m; sourceTree = "<group>"; };
		0738A8CD1ADC0E6B00CB87FC /* Library.xcdatamodel */ = {isa = PBXFileReference; lastKnownFileType = wrapper.xcdatamodel; path = Library.xcdatamodel; sourceTree = "<group>"; };
/* End PBXFileReference section */

/* Begin PBXFrameworksBuildPhase section */
		0738A8A21ADC0B4700CB87FC /* Frameworks */ = {
			isa = PBXFrameworksBuildPhase;
			buildActionMask = 2147483647;
			files = (
			);
			runOnlyForDeploymentPostprocessing = 0;
		};
		0738A8B51ADC0B4800CB87FC /* Frameworks */ = {
			isa = PBXFrameworksBuildPhase;
			buildActionMask = 2147483647;
			files = (
			);
			runOnlyForDeploymentPostprocessing = 0;
		};
/* End PBXFrameworksBuildPhase section */

/* Begin PBXGroup section */
		0704C3B71ADD296400F80DB7 /* Machine */ = {
			isa = PBXGroup;
			children = (
				0704C3F91ADD4BF700F80DB7 /* _DRGLabel.h */,
				0704C3FA1ADD4BF700F80DB7 /* _DRGLabel.m */,
				0704C3B81ADD297D00F80DB7 /* _DRGAnnotation.h */,
				0704C3B91ADD297D00F80DB7 /* _DRGAnnotation.m */,
				0704C3BA1ADD297D00F80DB7 /* _DRGAuthor.h */,
				0704C3BB1ADD297D00F80DB7 /* _DRGAuthor.m */,
				0704C3BC1ADD297D00F80DB7 /* _DRGBook.h */,
				0704C3BD1ADD297D00F80DB7 /* _DRGBook.m */,
				0704C3BE1ADD297D00F80DB7 /* _DRGCover.h */,
				0704C3BF1ADD297D00F80DB7 /* _DRGCover.m */,
				0704C3C01ADD297D00F80DB7 /* _DRGDate.h */,
				0704C3C11ADD297D00F80DB7 /* _DRGDate.m */,
				0704C3C21ADD297D00F80DB7 /* _DRGLocalization.h */,
				0704C3C31ADD297D00F80DB7 /* _DRGLocalization.m */,
				0704C3C41ADD297D00F80DB7 /* _DRGPdf.h */,
				0704C3C51ADD297D00F80DB7 /* _DRGPdf.m */,
				0704C3C61ADD297D00F80DB7 /* _DRGPhoto.h */,
				0704C3C71ADD297D00F80DB7 /* _DRGPhoto.m */,
				0704C3C81ADD297D00F80DB7 /* _DRGTag.h */,
				0704C3C91ADD297D00F80DB7 /* _DRGTag.m */,
				0704C3CA1ADD297D00F80DB7 /* _DRGWriter.h */,
				0704C3CB1ADD297D00F80DB7 /* _DRGWriter.m */,
			);
			name = Machine;
			sourceTree = "<group>";
		};
		0704C3F41ADD2AED00F80DB7 /* Human */ = {
			isa = PBXGroup;
			children = (
				0704C3FC1ADD4C0300F80DB7 /* DRGLabel.h */,
				0704C3FD1ADD4C0300F80DB7 /* DRGLabel.m */,
				0704C3D61ADD2AD100F80DB7 /* DRGAnnotation.h */,
				0704C3D71ADD2AD100F80DB7 /* DRGAnnotation.m */,
				0704C3D81ADD2AD100F80DB7 /* DRGAuthor.h */,
				0704C3D91ADD2AD100F80DB7 /* DRGAuthor.m */,
				0704C3DA1ADD2AD100F80DB7 /* DRGBook.h */,
				0704C3DB1ADD2AD100F80DB7 /* DRGBook.m */,
				0704C3DC1ADD2AD100F80DB7 /* DRGCover.h */,
				0704C3DD1ADD2AD100F80DB7 /* DRGCover.m */,
				0704C3DE1ADD2AD100F80DB7 /* DRGDate.h */,
				0704C3DF1ADD2AD100F80DB7 /* DRGDate.m */,
				0704C3E01ADD2AD100F80DB7 /* DRGLocalization.h */,
				0704C3E11ADD2AD100F80DB7 /* DRGLocalization.m */,
				0704C3E21ADD2AD100F80DB7 /* DRGPdf.h */,
				0704C3E31ADD2AD100F80DB7 /* DRGPdf.m */,
				0704C3E41ADD2AD100F80DB7 /* DRGPhoto.h */,
				0704C3E51ADD2AD100F80DB7 /* DRGPhoto.m */,
				0704C3E61ADD2AD100F80DB7 /* DRGTag.h */,
				0704C3E71ADD2AD100F80DB7 /* DRGTag.m */,
				0704C3E81ADD2AD100F80DB7 /* DRGWriter.h */,
				0704C3E91ADD2AD100F80DB7 /* DRGWriter.m */,
			);
			name = Human;
			sourceTree = "<group>";
		};
		0704C3F51ADD2AF800F80DB7 /* Mogenerator */ = {
			isa = PBXGroup;
			children = (
				0704C3F61ADD2B7C00F80DB7 /* DRGLibraryBaseClass.h */,
				0704C3F71ADD2B7C00F80DB7 /* DRGLibraryBaseClass.m */,
				0704C3B71ADD296400F80DB7 /* Machine */,
				0704C3F41ADD2AED00F80DB7 /* Human */,
			);
			name = Mogenerator;
			sourceTree = "<group>";
		};
		0704C3FF1ADD519900F80DB7 /* Managers */ = {
			isa = PBXGroup;
			children = (
				0704C4001ADD51C400F80DB7 /* DRGDownloadManager.h */,
				0704C4011ADD51C400F80DB7 /* DRGDownloadManager.m */,
			);
			name = Managers;
			sourceTree = "<group>";
		};
		0704C4031ADD71A800F80DB7 /* Controllers */ = {
			isa = PBXGroup;
			children = (
				0704C40D1ADD72A000F80DB7 /* AGBO */,
				0704C4071ADD725500F80DB7 /* DRGBookListVC.h */,
				0704C4081ADD725500F80DB7 /* DRGBookListVC.m */,
			);
			name = Controllers;
			sourceTree = "<group>";
		};
		0704C40D1ADD72A000F80DB7 /* AGBO */ = {
			isa = PBXGroup;
			children = (
				0704C40E1ADD72B600F80DB7 /* AGTCoreDataTableViewController.h */,
				0704C40F1ADD72B600F80DB7 /* AGTCoreDataTableViewController.m */,
			);
			name = AGBO;
			sourceTree = "<group>";
		};
		0704C4111ADD781800F80DB7 /* Categories */ = {
			isa = PBXGroup;
			children = (
				0704C4121ADD782900F80DB7 /* UIViewController+Navigation.h */,
				0704C4131ADD782900F80DB7 /* UIViewController+Navigation.m */,
			);
			name = Categories;
			sourceTree = "<group>";
		};
		0738A89C1ADC0B4700CB87FC = {
			isa = PBXGroup;
			children = (
				0738A8A71ADC0B4700CB87FC /* HackerBooks2 */,
				0738A8BB1ADC0B4800CB87FC /* HackerBooks2Tests */,
				0738A8A61ADC0B4700CB87FC /* Products */,
			);
			sourceTree = "<group>";
		};
		0738A8A61ADC0B4700CB87FC /* Products */ = {
			isa = PBXGroup;
			children = (
				0738A8A51ADC0B4700CB87FC /* HackerBooks2.app */,
				0738A8B81ADC0B4800CB87FC /* HackerBooks2Tests.xctest */,
			);
			name = Products;
			sourceTree = "<group>";
		};
		0738A8A71ADC0B4700CB87FC /* HackerBooks2 */ = {
			isa = PBXGroup;
			children = (
				0738A8AC1ADC0B4700CB87FC /* AppDelegate.h */,
				0738A8AD1ADC0B4700CB87FC /* AppDelegate.m */,
				0738A8AF1ADC0B4700CB87FC /* Images.xcassets */,
				0738A8B11ADC0B4700CB87FC /* LaunchScreen.xib */,
				0704C4111ADD781800F80DB7 /* Categories */,
				0704C3FF1ADD519900F80DB7 /* Managers */,
				0738A8C81ADC0DAC00CB87FC /* Models */,
				0704C4031ADD71A800F80DB7 /* Controllers */,
				0738A8A81ADC0B4700CB87FC /* Supporting Files */,
			);
			path = HackerBooks2;
			sourceTree = "<group>";
		};
		0738A8A81ADC0B4700CB87FC /* Supporting Files */ = {
			isa = PBXGroup;
			children = (
				0738A8A91ADC0B4700CB87FC /* Info.plist */,
				0738A8AA1ADC0B4700CB87FC /* main.m */,
			);
			name = "Supporting Files";
			sourceTree = "<group>";
		};
		0738A8BB1ADC0B4800CB87FC /* HackerBooks2Tests */ = {
			isa = PBXGroup;
			children = (
				0738A8BE1ADC0B4800CB87FC /* HackerBooks2Tests.m */,
				0738A8BC1ADC0B4800CB87FC /* Supporting Files */,
			);
			path = HackerBooks2Tests;
			sourceTree = "<group>";
		};
		0738A8BC1ADC0B4800CB87FC /* Supporting Files */ = {
			isa = PBXGroup;
			children = (
				0738A8BD1ADC0B4800CB87FC /* Info.plist */,
			);
			name = "Supporting Files";
			sourceTree = "<group>";
		};
		0738A8C81ADC0DAC00CB87FC /* Models */ = {
			isa = PBXGroup;
			children = (
				0704C40A1ADD729200F80DB7 /* AGTCoreDataStack.h */,
				0704C40B1ADD729200F80DB7 /* AGTCoreDataStack.m */,
				0738A8CC1ADC0E6B00CB87FC /* Library.xcdatamodeld */,
				0704C3F51ADD2AF800F80DB7 /* Mogenerator */,
			);
			name = Models;
			sourceTree = "<group>";
		};
/* End PBXGroup section */

/* Begin PBXNativeTarget section */
		0738A8A41ADC0B4700CB87FC /* HackerBooks2 */ = {
			isa = PBXNativeTarget;
			buildConfigurationList = 0738A8C21ADC0B4800CB87FC /* Build configuration list for PBXNativeTarget "HackerBooks2" */;
			buildPhases = (
				0738A8A11ADC0B4700CB87FC /* Sources */,
				0738A8A21ADC0B4700CB87FC /* Frameworks */,
				0738A8A31ADC0B4700CB87FC /* Resources */,
			);
			buildRules = (
			);
			dependencies = (
			);
			name = HackerBooks2;
			productName = HackerBooks2;
			productReference = 0738A8A51ADC0B4700CB87FC /* HackerBooks2.app */;
			productType = "com.apple.product-type.application";
		};
		0738A8B71ADC0B4800CB87FC /* HackerBooks2Tests */ = {
			isa = PBXNativeTarget;
			buildConfigurationList = 0738A8C51ADC0B4800CB87FC /* Build configuration list for PBXNativeTarget "HackerBooks2Tests" */;
			buildPhases = (
				0738A8B41ADC0B4800CB87FC /* Sources */,
				0738A8B51ADC0B4800CB87FC /* Frameworks */,
				0738A8B61ADC0B4800CB87FC /* Resources */,
			);
			buildRules = (
			);
			dependencies = (
				0738A8BA1ADC0B4800CB87FC /* PBXTargetDependency */,
			);
			name = HackerBooks2Tests;
			productName = HackerBooks2Tests;
			productReference = 0738A8B81ADC0B4800CB87FC /* HackerBooks2Tests.xctest */;
			productType = "com.apple.product-type.bundle.unit-test";
		};
/* End PBXNativeTarget section */

/* Begin PBXProject section */
		0738A89D1ADC0B4700CB87FC /* Project object */ = {
			isa = PBXProject;
			attributes = {
				LastUpgradeCheck = 0630;
				ORGANIZATIONNAME = DRG;
				TargetAttributes = {
					0738A8A41ADC0B4700CB87FC = {
						CreatedOnToolsVersion = 6.3;
					};
					0738A8B71ADC0B4800CB87FC = {
						CreatedOnToolsVersion = 6.3;
						TestTargetID = 0738A8A41ADC0B4700CB87FC;
					};
				};
			};
			buildConfigurationList = 0738A8A01ADC0B4700CB87FC /* Build configuration list for PBXProject "HackerBooks2" */;
			compatibilityVersion = "Xcode 3.2";
			developmentRegion = English;
			hasScannedForEncodings = 0;
			knownRegions = (
				en,
				Base,
			);
			mainGroup = 0738A89C1ADC0B4700CB87FC;
			productRefGroup = 0738A8A61ADC0B4700CB87FC /* Products */;
			projectDirPath = "";
			projectRoot = "";
			targets = (
				0738A8A41ADC0B4700CB87FC /* HackerBooks2 */,
				0738A8B71ADC0B4800CB87FC /* HackerBooks2Tests */,
			);
		};
/* End PBXProject section */

/* Begin PBXResourcesBuildPhase section */
		0738A8A31ADC0B4700CB87FC /* Resources */ = {
			isa = PBXResourcesBuildPhase;
			buildActionMask = 2147483647;
			files = (
				0738A8B31ADC0B4700CB87FC /* LaunchScreen.xib in Resources */,
				0738A8B01ADC0B4700CB87FC /* Images.xcassets in Resources */,
			);
			runOnlyForDeploymentPostprocessing = 0;
		};
		0738A8B61ADC0B4800CB87FC /* Resources */ = {
			isa = PBXResourcesBuildPhase;
			buildActionMask = 2147483647;
			files = (
			);
			runOnlyForDeploymentPostprocessing = 0;
		};
/* End PBXResourcesBuildPhase section */

/* Begin PBXSourcesBuildPhase section */
		0738A8A11ADC0B4700CB87FC /* Sources */ = {
			isa = PBXSourcesBuildPhase;
			buildActionMask = 2147483647;
			files = (
				0704C3D41ADD297D00F80DB7 /* _DRGTag.m in Sources */,
				0704C3D31ADD297D00F80DB7 /* _DRGPhoto.m in Sources */,
				0704C3CD1ADD297D00F80DB7 /* _DRGAuthor.m in Sources */,
				0704C3D01ADD297D00F80DB7 /* _DRGDate.m in Sources */,
				0704C3D21ADD297D00F80DB7 /* _DRGPdf.m in Sources */,
				0704C3ED1ADD2AD100F80DB7 /* DRGCover.m in Sources */,
				0704C40C1ADD729200F80DB7 /* AGTCoreDataStack.m in Sources */,
				0704C3F21ADD2AD100F80DB7 /* DRGTag.m in Sources */,
				0704C3F01ADD2AD100F80DB7 /* DRGPdf.m in Sources */,
				0704C3F31ADD2AD100F80DB7 /* DRGWriter.m in Sources */,
				0704C3D11ADD297D00F80DB7 /* _DRGLocalization.m in Sources */,
				0704C3F11ADD2AD100F80DB7 /* DRGPhoto.m in Sources */,
				0704C4021ADD51C400F80DB7 /* DRGDownloadManager.m in Sources */,
				0704C3FE1ADD4C0300F80DB7 /* DRGLabel.m in Sources */,
				0704C4091ADD725500F80DB7 /* DRGBookListVC.m in Sources */,
				0704C3EC1ADD2AD100F80DB7 /* DRGBook.m in Sources */,
				0704C3EB1ADD2AD100F80DB7 /* DRGAuthor.m in Sources */,
				0704C3CF1ADD297D00F80DB7 /* _DRGCover.m in Sources */,
				0704C3CE1ADD297D00F80DB7 /* _DRGBook.m in Sources */,
				0738A8AE1ADC0B4700CB87FC /* AppDelegate.m in Sources */,
				0704C3FB1ADD4BF700F80DB7 /* _DRGLabel.m in Sources */,
				0738A8AB1ADC0B4700CB87FC /* main.m in Sources */,
				0704C3EE1ADD2AD100F80DB7 /* DRGDate.m in Sources */,
				0704C3F81ADD2B7C00F80DB7 /* DRGLibraryBaseClass.m in Sources */,
				0704C3CC1ADD297D00F80DB7 /* _DRGAnnotation.m in Sources */,
				0704C3D51ADD297D00F80DB7 /* _DRGWriter.m in Sources */,
				0704C4101ADD72B600F80DB7 /* AGTCoreDataTableViewController.m in Sources */,
				0704C3EA1ADD2AD100F80DB7 /* DRGAnnotation.m in Sources */,
				0704C3EF1ADD2AD100F80DB7 /* DRGLocalization.m in Sources */,
				0738A8CE1ADC0E6B00CB87FC /* Library.xcdatamodeld in Sources */,
				0704C4141ADD782900F80DB7 /* UIViewController+Navigation.m in Sources */,
			);
			runOnlyForDeploymentPostprocessing = 0;
		};
		0738A8B41ADC0B4800CB87FC /* Sources */ = {
			isa = PBXSourcesBuildPhase;
			buildActionMask = 2147483647;
			files = (
				0738A8BF1ADC0B4800CB87FC /* HackerBooks2Tests.m in Sources */,
			);
			runOnlyForDeploymentPostprocessing = 0;
		};
/* End PBXSourcesBuildPhase section */

/* Begin PBXTargetDependency section */
		0738A8BA1ADC0B4800CB87FC /* PBXTargetDependency */ = {
			isa = PBXTargetDependency;
			target = 0738A8A41ADC0B4700CB87FC /* HackerBooks2 */;
			targetProxy = 0738A8B91ADC0B4800CB87FC /* PBXContainerItemProxy */;
		};
/* End PBXTargetDependency section */

/* Begin PBXVariantGroup section */
		0738A8B11ADC0B4700CB87FC /* LaunchScreen.xib */ = {
			isa = PBXVariantGroup;
			children = (
				0738A8B21ADC0B4700CB87FC /* Base */,
			);
			name = LaunchScreen.xib;
			sourceTree = "<group>";
		};
/* End PBXVariantGroup section */

/* Begin XCBuildConfiguration section */
		0738A8C01ADC0B4800CB87FC /* Debug */ = {
			isa = XCBuildConfiguration;
			buildSettings = {
				ALWAYS_SEARCH_USER_PATHS = NO;
				CLANG_CXX_LANGUAGE_STANDARD = "gnu++0x";
				CLANG_CXX_LIBRARY = "libc++";
				CLANG_ENABLE_MODULES = YES;
				CLANG_ENABLE_OBJC_ARC = YES;
				CLANG_WARN_BOOL_CONVERSION = YES;
				CLANG_WARN_CONSTANT_CONVERSION = YES;
				CLANG_WARN_DIRECT_OBJC_ISA_USAGE = YES_ERROR;
				CLANG_WARN_EMPTY_BODY = YES;
				CLANG_WARN_ENUM_CONVERSION = YES;
				CLANG_WARN_INT_CONVERSION = YES;
				CLANG_WARN_OBJC_ROOT_CLASS = YES_ERROR;
				CLANG_WARN_UNREACHABLE_CODE = YES;
				CLANG_WARN__DUPLICATE_METHOD_MATCH = YES;
				"CODE_SIGN_IDENTITY[sdk=iphoneos*]" = "iPhone Developer";
				COPY_PHASE_STRIP = NO;
				DEBUG_INFORMATION_FORMAT = "dwarf-with-dsym";
				ENABLE_STRICT_OBJC_MSGSEND = YES;
				GCC_C_LANGUAGE_STANDARD = gnu99;
				GCC_DYNAMIC_NO_PIC = NO;
				GCC_NO_COMMON_BLOCKS = YES;
				GCC_OPTIMIZATION_LEVEL = 0;
				GCC_PREPROCESSOR_DEFINITIONS = (
					"DEBUG=1",
					"$(inherited)",
				);
				GCC_SYMBOLS_PRIVATE_EXTERN = NO;
				GCC_WARN_64_TO_32_BIT_CONVERSION = YES;
				GCC_WARN_ABOUT_RETURN_TYPE = YES_ERROR;
				GCC_WARN_UNDECLARED_SELECTOR = YES;
				GCC_WARN_UNINITIALIZED_AUTOS = YES_AGGRESSIVE;
				GCC_WARN_UNUSED_FUNCTION = YES;
				GCC_WARN_UNUSED_VARIABLE = YES;
				IPHONEOS_DEPLOYMENT_TARGET = 8.3;
				MTL_ENABLE_DEBUG_INFO = YES;
				ONLY_ACTIVE_ARCH = YES;
				SDKROOT = iphoneos;
				TARGETED_DEVICE_FAMILY = 2;
			};
			name = Debug;
		};
		0738A8C11ADC0B4800CB87FC /* Release */ = {
			isa = XCBuildConfiguration;
			buildSettings = {
				ALWAYS_SEARCH_USER_PATHS = NO;
				CLANG_CXX_LANGUAGE_STANDARD = "gnu++0x";
				CLANG_CXX_LIBRARY = "libc++";
				CLANG_ENABLE_MODULES = YES;
				CLANG_ENABLE_OBJC_ARC = YES;
				CLANG_WARN_BOOL_CONVERSION = YES;
				CLANG_WARN_CONSTANT_CONVERSION = YES;
				CLANG_WARN_DIRECT_OBJC_ISA_USAGE = YES_ERROR;
				CLANG_WARN_EMPTY_BODY = YES;
				CLANG_WARN_ENUM_CONVERSION = YES;
				CLANG_WARN_INT_CONVERSION = YES;
				CLANG_WARN_OBJC_ROOT_CLASS = YES_ERROR;
				CLANG_WARN_UNREACHABLE_CODE = YES;
				CLANG_WARN__DUPLICATE_METHOD_MATCH = YES;
				"CODE_SIGN_IDENTITY[sdk=iphoneos*]" = "iPhone Developer";
				COPY_PHASE_STRIP = NO;
				DEBUG_INFORMATION_FORMAT = "dwarf-with-dsym";
				ENABLE_NS_ASSERTIONS = NO;
				ENABLE_STRICT_OBJC_MSGSEND = YES;
				GCC_C_LANGUAGE_STANDARD = gnu99;
				GCC_NO_COMMON_BLOCKS = YES;
				GCC_WARN_64_TO_32_BIT_CONVERSION = YES;
				GCC_WARN_ABOUT_RETURN_TYPE = YES_ERROR;
				GCC_WARN_UNDECLARED_SELECTOR = YES;
				GCC_WARN_UNINITIALIZED_AUTOS = YES_AGGRESSIVE;
				GCC_WARN_UNUSED_FUNCTION = YES;
				GCC_WARN_UNUSED_VARIABLE = YES;
				IPHONEOS_DEPLOYMENT_TARGET = 8.3;
				MTL_ENABLE_DEBUG_INFO = NO;
				SDKROOT = iphoneos;
				TARGETED_DEVICE_FAMILY = 2;
				VALIDATE_PRODUCT = YES;
			};
			name = Release;
		};
		0738A8C31ADC0B4800CB87FC /* Debug */ = {
			isa = XCBuildConfiguration;
			buildSettings = {
				ASSETCATALOG_COMPILER_APPICON_NAME = AppIcon;
				INFOPLIST_FILE = HackerBooks2/Info.plist;
				LD_RUNPATH_SEARCH_PATHS = "$(inherited) @executable_path/Frameworks";
				PRODUCT_NAME = "$(TARGET_NAME)";
			};
			name = Debug;
		};
		0738A8C41ADC0B4800CB87FC /* Release */ = {
			isa = XCBuildConfiguration;
			buildSettings = {
				ASSETCATALOG_COMPILER_APPICON_NAME = AppIcon;
				INFOPLIST_FILE = HackerBooks2/Info.plist;
				LD_RUNPATH_SEARCH_PATHS = "$(inherited) @executable_path/Frameworks";
				PRODUCT_NAME = "$(TARGET_NAME)";
			};
			name = Release;
		};
		0738A8C61ADC0B4800CB87FC /* Debug */ = {
			isa = XCBuildConfiguration;
			buildSettings = {
				BUNDLE_LOADER = "$(TEST_HOST)";
				FRAMEWORK_SEARCH_PATHS = (
					"$(SDKROOT)/Developer/Library/Frameworks",
					"$(inherited)",
				);
				GCC_PREPROCESSOR_DEFINITIONS = (
					"DEBUG=1",
					"$(inherited)",
				);
				INFOPLIST_FILE = HackerBooks2Tests/Info.plist;
				LD_RUNPATH_SEARCH_PATHS = "$(inherited) @executable_path/Frameworks @loader_path/Frameworks";
				PRODUCT_NAME = "$(TARGET_NAME)";
				TEST_HOST = "$(BUILT_PRODUCTS_DIR)/HackerBooks2.app/HackerBooks2";
			};
			name = Debug;
		};
		0738A8C71ADC0B4800CB87FC /* Release */ = {
			isa = XCBuildConfiguration;
			buildSettings = {
				BUNDLE_LOADER = "$(TEST_HOST)";
				FRAMEWORK_SEARCH_PATHS = (
					"$(SDKROOT)/Developer/Library/Frameworks",
					"$(inherited)",
				);
				INFOPLIST_FILE = HackerBooks2Tests/Info.plist;
				LD_RUNPATH_SEARCH_PATHS = "$(inherited) @executable_path/Frameworks @loader_path/Frameworks";
				PRODUCT_NAME = "$(TARGET_NAME)";
				TEST_HOST = "$(BUILT_PRODUCTS_DIR)/HackerBooks2.app/HackerBooks2";
			};
			name = Release;
		};
/* End XCBuildConfiguration section */

/* Begin XCConfigurationList section */
		0738A8A01ADC0B4700CB87FC /* Build configuration list for PBXProject "HackerBooks2" */ = {
			isa = XCConfigurationList;
			buildConfigurations = (
				0738A8C01ADC0B4800CB87FC /* Debug */,
				0738A8C11ADC0B4800CB87FC /* Release */,
			);
			defaultConfigurationIsVisible = 0;
			defaultConfigurationName = Release;
		};
		0738A8C21ADC0B4800CB87FC /* Build configuration list for PBXNativeTarget "HackerBooks2" */ = {
			isa = XCConfigurationList;
			buildConfigurations = (
				0738A8C31ADC0B4800CB87FC /* Debug */,
				0738A8C41ADC0B4800CB87FC /* Release */,
			);
			defaultConfigurationIsVisible = 0;
			defaultConfigurationName = Release;
		};
		0738A8C51ADC0B4800CB87FC /* Build configuration list for PBXNativeTarget "HackerBooks2Tests" */ = {
			isa = XCConfigurationList;
			buildConfigurations = (
				0738A8C61ADC0B4800CB87FC /* Debug */,
				0738A8C71ADC0B4800CB87FC /* Release */,
			);
			defaultConfigurationIsVisible = 0;
			defaultConfigurationName = Release;
		};
/* End XCConfigurationList section */

/* Begin XCVersionGroup section */
		0738A8CC1ADC0E6B00CB87FC /* Library.xcdatamodeld */ = {
			isa = XCVersionGroup;
			children = (
				0738A8CD1ADC0E6B00CB87FC /* Library.xcdatamodel */,
			);
			currentVersion = 0738A8CD1ADC0E6B00CB87FC /* Library.xcdatamodel */;
			name = Library.xcdatamodeld;
			path = Models/Library.xcdatamodeld;
			sourceTree = "<group>";
			versionGroupType = wrapper.xcdatamodel;
		};
/* End XCVersionGroup section */
	};
	rootObject = 0738A89D1ADC0B4700CB87FC /* Project object */;
}
